
Microsoft Visual Studio Solution File, Format Version 12.00
# Visual Studio Version 16
VisualStudioVersion = 16.0.30011.22
MinimumVisualStudioVersion = 10.0.40219.1
Project("{FAE04EC0-301F-11D3-BF4B-00C04F79EFBC}") = "LINQproblems", "LINQproblems\LINQproblems.csproj", "{BA11ED21-27EF-48EA-BD58-00064F453133}"
EndProject
Global
	GlobalSection(SolutionConfigurationPlatforms) = preSolution
		Debug|Any CPU = Debug|Any CPU
		Release|Any CPU = Release|Any CPU
	EndGlobalSection
	GlobalSection(ProjectConfigurationPlatforms) = postSolution
		{BA11ED21-27EF-48EA-BD58-00064F453133}.Debug|Any CPU.ActiveCfg = Debug|Any CPU
		{BA11ED21-27EF-48EA-BD58-00064F453133}.Debug|Any CPU.Build.0 = Debug|Any CPU
		{BA11ED21-27EF-48EA-BD58-00064F453133}.Release|Any CPU.ActiveCfg = Release|Any CPU
		{BA11ED21-27EF-48EA-BD58-00064F453133}.Release|Any CPU.Build.0 = Release|Any CPU
	EndGlobalSection
	GlobalSection(SolutionProperties) = preSolution
		HideSolutionNode = FALSE
	EndGlobalSection
	GlobalSection(ExtensibilityGlobals) = postSolution
		SolutionGuid = {C9E9F020-AB14-4F48-829C-1A09B4EAFA2D}
	EndGlobalSection
EndGlobal
